// !$*UTF8*$!
{
	archiveVersion = 1;
	classes = {
	};
	objectVersion = 77;
	objects = {

/* Begin PBXBuildFile section */
		B59280482D9A3BB6009F1BAD /* NutritionAnimatedFlowView.swift in Sources */ = {isa = PBXBuildFile; fileRef = B59280472D9A3BA9009F1BAD /* NutritionAnimatedFlowView.swift */; };
		B592804A2D9A3BCB009F1BAD /* IngredientTagView.swift in Sources */ = {isa = PBXBuildFile; fileRef = B59280492D9A3BC2009F1BAD /* IngredientTagView.swift */; };
		B592804C2D9A3BE7009F1BAD /* NutritionInsightTagView.swift in Sources */ = {isa = PBXBuildFile; fileRef = B592804B2D9A3BD4009F1BAD /* NutritionInsightTagView.swift */; };
		B592804E2D9A3BFE009F1BAD /* MacroRingView.swift in Sources */ = {isa = PBXBuildFile; fileRef = B592804D2D9A3BF7009F1BAD /* MacroRingView.swift */; };
		B59280502D9A686F009F1BAD /* SmartListDetectionView.swift in Sources */ = {isa = PBXBuildFile; fileRef = B592804F2D9A6862009F1BAD /* SmartListDetectionView.swift */; };
		B59280542D9A6A58009F1BAD /* AddFoodItemView.swift in Sources */ = {isa = PBXBuildFile; fileRef = B59280532D9A6A4F009F1BAD /* AddFoodItemView.swift */; };
		B592805E2D9A77CC009F1BAD /* NutritionViewModel2.swift in Sources */ = {isa = PBXBuildFile; fileRef = B592805D2D9A77B6009F1BAD /* NutritionViewModel2.swift */; };
		B59280602D9A8132009F1BAD /* NutritionTypes.swift in Sources */ = {isa = PBXBuildFile; fileRef = B592805F2D9A8132009F1BAD /* NutritionTypes.swift */; };
		B5AE12B92D97B4AE00204D95 /* APIConstants.swift in Sources */ = {isa = PBXBuildFile; fileRef = B5AE12B82D97B4A300204D95 /* APIConstants.swift */; };
		B5AE12BB2D97B4E100204D95 /* APIResponseModels.swift in Sources */ = {isa = PBXBuildFile; fileRef = B5AE12BA2D97B4D500204D95 /* APIResponseModels.swift */; };
		B5AE12BD2D97B52700204D95 /* VisionService.swift in Sources */ = {isa = PBXBuildFile; fileRef = B5AE12BC2D97B51F00204D95 /* VisionService.swift */; };
		B5AE12BF2D97B54C00204D95 /* NutritionService.swift in Sources */ = {isa = PBXBuildFile; fileRef = B5AE12BE2D97B54500204D95 /* NutritionService.swift */; };
		B5AE12C12D97B57B00204D95 /* NutritionScoreCalculator.swift in Sources */ = {isa = PBXBuildFile; fileRef = B5AE12C02D97B57100204D95 /* NutritionScoreCalculator.swift */; };
		B5AE12C32D97C18400204D95 /* FoodDetectionResultView.swift in Sources */ = {isa = PBXBuildFile; fileRef = B5AE12C22D97C17100204D95 /* FoodDetectionResultView.swift */; };
		B5AE12C52D97C19300204D95 /* FoodItemEditView.swift in Sources */ = {isa = PBXBuildFile; fileRef = B5AE12C42D97C18C00204D95 /* FoodItemEditView.swift */; };
		B5AE12C72D97C1B800204D95 /* FoodLogConfirmationView.swift in Sources */ = {isa = PBXBuildFile; fileRef = B5AE12C62D97C19C00204D95 /* FoodLogConfirmationView.swift */; };
		B5C44AE72D9BB5C20052A4B3 /* CloudKitSyncManager.swift in Sources */ = {isa = PBXBuildFile; fileRef = B5C44AE62D9BB5B40052A4B3 /* CloudKitSyncManager.swift */; };
		B5C44AEB2D9D19CE0052A4B3 /* NutritionGoals.swift in Sources */ = {isa = PBXBuildFile; fileRef = B5C44AEA2D9D19C30052A4B3 /* NutritionGoals.swift */; };
		B5C44AED2D9D19EB0052A4B3 /* GoalsEditorView.swift in Sources */ = {isa = PBXBuildFile; fileRef = B5C44AEC2D9D19E40052A4B3 /* GoalsEditorView.swift */; };
		B5C44AEF2D9D1A090052A4B3 /* WeeklyGoalsView.swift in Sources */ = {isa = PBXBuildFile; fileRef = B5C44AEE2D9D1A040052A4B3 /* WeeklyGoalsView.swift */; };
		B5E331992D972680009A96F6 /* CompletionStatus.swift in Sources */ = {isa = PBXBuildFile; fileRef = B5CB52D22D93D1E1009DC977 /* CompletionStatus.swift */; };
		B5E3319B2D97269B009A96F6 /* HabitTrackerViewModel.swift in Sources */ = {isa = PBXBuildFile; fileRef = B57BE6832D9397C300704AA4 /* HabitTrackerViewModel.swift */; };
		B5E3319C2D9726A2009A96F6 /* Habit.swift in Sources */ = {isa = PBXBuildFile; fileRef = B55284222D9376D900F215D6 /* Habit.swift */; };
		B5E3319D2D9726AC009A96F6 /* HabitViewModel.swift in Sources */ = {isa = PBXBuildFile; fileRef = B55284232D9376D900F215D6 /* HabitViewModel.swift */; };
		B5E3319E2D9726B3009A96F6 /* Workout.swift in Sources */ = {isa = PBXBuildFile; fileRef = B55284242D9376D900F215D6 /* Workout.swift */; };
		B5E3319F2D9726BD009A96F6 /* Preview Assets.xcassets in Resources */ = {isa = PBXBuildFile; fileRef = B55284262D9376D900F215D6 /* Preview Assets.xcassets */; };
		B5E331A02D9726C7009A96F6 /* CameraManager.swift in Sources */ = {isa = PBXBuildFile; fileRef = B5E331792D970D15009A96F6 /* CameraManager.swift */; };
		B5E331A12D9726CC009A96F6 /* aiFoodAnalysis.swift in Sources */ = {isa = PBXBuildFile; fileRef = B5E331772D970CC8009A96F6 /* aiFoodAnalysis.swift */; };
		B5E331A22D9726D1009A96F6 /* CloudKitManager.swift in Sources */ = {isa = PBXBuildFile; fileRef = B5CB52C42D93C44F009DC977 /* CloudKitManager.swift */; };
		B5E331A32D9726E9009A96F6 /* BackgroundBlurView.swift in Sources */ = {isa = PBXBuildFile; fileRef = B55284292D9376D900F215D6 /* BackgroundBlurView.swift */; };
		B5E331A42D9726EF009A96F6 /* Color+Hex.swift in Sources */ = {isa = PBXBuildFile; fileRef = B552842A2D9376D900F215D6 /* Color+Hex.swift */; };
		B5E331A52D9726F6009A96F6 /* ReorderHelpers.swift in Sources */ = {isa = PBXBuildFile; fileRef = B552842B2D9376D900F215D6 /* ReorderHelpers.swift */; };
		B5E331A62D972701009A96F6 /* DailyCheckInView.swift in Sources */ = {isa = PBXBuildFile; fileRef = B552842D2D9376D900F215D6 /* DailyCheckInView.swift */; };
		B5E331A72D972707009A96F6 /* GamificationView.swift in Sources */ = {isa = PBXBuildFile; fileRef = B552842F2D9376D900F215D6 /* GamificationView.swift */; };
		B5E331A82D97270C009A96F6 /* HabitMoodEntryView.swift in Sources */ = {isa = PBXBuildFile; fileRef = B57BE6812D9396D600704AA4 /* HabitMoodEntryView.swift */; };
		B5E331A92D972712009A96F6 /* AchievementsPopup.swift in Sources */ = {isa = PBXBuildFile; fileRef = B55284312D9376D900F215D6 /* AchievementsPopup.swift */; };
		B5E331AA2D972717009A96F6 /* CreateHabitPopup.swift in Sources */ = {isa = PBXBuildFile; fileRef = B55284322D9376D900F215D6 /* CreateHabitPopup.swift */; };
		B5E331AB2D97271C009A96F6 /* CustomDaysSelector.swift in Sources */ = {isa = PBXBuildFile; fileRef = B55284332D9376D900F215D6 /* CustomDaysSelector.swift */; };
		B5E331AC2D972722009A96F6 /* EditHabitPopup.swift in Sources */ = {isa = PBXBuildFile; fileRef = B55284342D9376D900F215D6 /* EditHabitPopup.swift */; };
		B5E331AD2D972726009A96F6 /* HabitCalendarView.swift in Sources */ = {isa = PBXBuildFile; fileRef = B55284352D9376D900F215D6 /* HabitCalendarView.swift */; };
		B5E331AE2D97272C009A96F6 /* HabitCardView.swift in Sources */ = {isa = PBXBuildFile; fileRef = B55284362D9376D900F215D6 /* HabitCardView.swift */; };
		B5E331AF2D972735009A96F6 /* HabitDashboardView.swift in Sources */ = {isa = PBXBuildFile; fileRef = B55284372D9376D900F215D6 /* HabitDashboardView.swift */; };
		B5E331B02D97273B009A96F6 /* HabitGridView.swift in Sources */ = {isa = PBXBuildFile; fileRef = B55284382D9376D900F215D6 /* HabitGridView.swift */; };
		B5E331B12D972740009A96F6 /* HabitProgressCard.swift in Sources */ = {isa = PBXBuildFile; fileRef = B55284392D9376D900F215D6 /* HabitProgressCard.swift */; };
		B5E331B22D972745009A96F6 /* HabitStatsView.swift in Sources */ = {isa = PBXBuildFile; fileRef = B552843A2D9376D900F215D6 /* HabitStatsView.swift */; };
		B5E331B32D97274A009A96F6 /* HabitTrackerView.swift in Sources */ = {isa = PBXBuildFile; fileRef = B552843B2D9376D900F215D6 /* HabitTrackerView.swift */; };
		B5E331B42D972752009A96F6 /* MonthSelector.swift in Sources */ = {isa = PBXBuildFile; fileRef = B552843C2D9376D900F215D6 /* MonthSelector.swift */; };
		B5E331B52D972757009A96F6 /* MoodTagPopup.swift in Sources */ = {isa = PBXBuildFile; fileRef = B552843D2D9376D900F215D6 /* MoodTagPopup.swift */; };
		B5E331B62D97275C009A96F6 /* WeekdayProgressView.swift in Sources */ = {isa = PBXBuildFile; fileRef = B552843E2D9376D900F215D6 /* WeekdayProgressView.swift */; };
		B5E331B72D972760009A96F6 /* HealthInfoView.swift in Sources */ = {isa = PBXBuildFile; fileRef = B55284402D9376D900F215D6 /* HealthInfoView.swift */; };
		B5E331B92D972769009A96F6 /* CameraView.swift in Sources */ = {isa = PBXBuildFile; fileRef = B5E331802D970DE1009A96F6 /* CameraView.swift */; };
		B5E331BA2D97276E009A96F6 /* NutritionView.swift in Sources */ = {isa = PBXBuildFile; fileRef = B55284422D9376D900F215D6 /* NutritionView.swift */; };
		B5E331BB2D972773009A96F6 /* WorkoutsView.swift in Sources */ = {isa = PBXBuildFile; fileRef = B55284442D9376D900F215D6 /* WorkoutsView.swift */; };
		B5E331BC2D972778009A96F6 /* MainTabView.swift in Sources */ = {isa = PBXBuildFile; fileRef = B55284462D9376D900F215D6 /* MainTabView.swift */; };
		B5E331BD2D97277D009A96F6 /* ModularContentView.swift in Sources */ = {isa = PBXBuildFile; fileRef = B55284472D9376D900F215D6 /* ModularContentView.swift */; };
		B5E331BE2D972783009A96F6 /* SplashScreen.swift in Sources */ = {isa = PBXBuildFile; fileRef = B55284482D9376D900F215D6 /* SplashScreen.swift */; };
		B5E331C02D9727D1009A96F6 /* AIService.swift in Sources */ = {isa = PBXBuildFile; fileRef = B552442E2D92747E003EEAC9 /* AIService.swift */; };
		B5E331C12D9727D9009A96F6 /* Assets.xcassets in Resources */ = {isa = PBXBuildFile; fileRef = B552442F2D92747E003EEAC9 /* Assets.xcassets */; };
		B5E331C22D9727E4009A96F6 /* CHANGELOG.md in Resources */ = {isa = PBXBuildFile; fileRef = B55244302D92747E003EEAC9 /* CHANGELOG.md */; };
		B5E331C32D9727EA009A96F6 /* ContentView.swift in Sources */ = {isa = PBXBuildFile; fileRef = B55244312D92747E003EEAC9 /* ContentView.swift */; };
		B5E331C42D9727FD009A96F6 /* LouieApp.swift in Sources */ = {isa = PBXBuildFile; fileRef = B55244332D92747E003EEAC9 /* LouieApp.swift */; };
/* End PBXBuildFile section */

/* Begin PBXFileReference section */
		B552442E2D92747E003EEAC9 /* AIService.swift */ = {isa = PBXFileReference; lastKnownFileType = sourcecode.swift; path = AIService.swift; sourceTree = "<group>"; };
		B552442F2D92747E003EEAC9 /* Assets.xcassets */ = {isa = PBXFileReference; lastKnownFileType = folder.assetcatalog; path = Assets.xcassets; sourceTree = "<group>"; };
		B55244302D92747E003EEAC9 /* CHANGELOG.md */ = {isa = PBXFileReference; lastKnownFileType = net.daringfireball.markdown; path = CHANGELOG.md; sourceTree = "<group>"; };
		B55244312D92747E003EEAC9 /* ContentView.swift */ = {isa = PBXFileReference; lastKnownFileType = sourcecode.swift; path = ContentView.swift; sourceTree = "<group>"; };
		B55244322D92747E003EEAC9 /* Context.md */ = {isa = PBXFileReference; lastKnownFileType = net.daringfireball.markdown; path = Context.md; sourceTree = "<group>"; };
		B55244332D92747E003EEAC9 /* LouieApp.swift */ = {isa = PBXFileReference; lastKnownFileType = sourcecode.swift; path = LouieApp.swift; sourceTree = "<group>"; };
		B55244342D92747E003EEAC9 /* Preview Assets.xcassets */ = {isa = PBXFileReference; lastKnownFileType = folder.assetcatalog; path = "Preview Assets.xcassets"; sourceTree = "<group>"; };
		B55244362D92747E003EEAC9 /* README.md */ = {isa = PBXFileReference; lastKnownFileType = net.daringfireball.markdown; path = README.md; sourceTree = "<group>"; };
		B55284222D9376D900F215D6 /* Habit.swift */ = {isa = PBXFileReference; lastKnownFileType = sourcecode.swift; path = Habit.swift; sourceTree = "<group>"; };
		B55284232D9376D900F215D6 /* HabitViewModel.swift */ = {isa = PBXFileReference; lastKnownFileType = sourcecode.swift; path = HabitViewModel.swift; sourceTree = "<group>"; };
		B55284242D9376D900F215D6 /* Workout.swift */ = {isa = PBXFileReference; lastKnownFileType = sourcecode.swift; path = Workout.swift; sourceTree = "<group>"; };
		B55284262D9376D900F215D6 /* Preview Assets.xcassets */ = {isa = PBXFileReference; lastKnownFileType = folder.assetcatalog; path = "Preview Assets.xcassets"; sourceTree = "<group>"; };
		B55284292D9376D900F215D6 /* BackgroundBlurView.swift */ = {isa = PBXFileReference; lastKnownFileType = sourcecode.swift; path = BackgroundBlurView.swift; sourceTree = "<group>"; };
		B552842A2D9376D900F215D6 /* Color+Hex.swift */ = {isa = PBXFileReference; lastKnownFileType = sourcecode.swift; path = "Color+Hex.swift"; sourceTree = "<group>"; };
		B552842B2D9376D900F215D6 /* ReorderHelpers.swift */ = {isa = PBXFileReference; lastKnownFileType = sourcecode.swift; path = ReorderHelpers.swift; sourceTree = "<group>"; };
		B552842D2D9376D900F215D6 /* DailyCheckInView.swift */ = {isa = PBXFileReference; lastKnownFileType = sourcecode.swift; path = DailyCheckInView.swift; sourceTree = "<group>"; };
		B552842F2D9376D900F215D6 /* GamificationView.swift */ = {isa = PBXFileReference; lastKnownFileType = sourcecode.swift; path = GamificationView.swift; sourceTree = "<group>"; };
		B55284312D9376D900F215D6 /* AchievementsPopup.swift */ = {isa = PBXFileReference; lastKnownFileType = sourcecode.swift; path = AchievementsPopup.swift; sourceTree = "<group>"; };
		B55284322D9376D900F215D6 /* CreateHabitPopup.swift */ = {isa = PBXFileReference; lastKnownFileType = sourcecode.swift; path = CreateHabitPopup.swift; sourceTree = "<group>"; };
		B55284332D9376D900F215D6 /* CustomDaysSelector.swift */ = {isa = PBXFileReference; lastKnownFileType = sourcecode.swift; path = CustomDaysSelector.swift; sourceTree = "<group>"; };
		B55284342D9376D900F215D6 /* EditHabitPopup.swift */ = {isa = PBXFileReference; lastKnownFileType = sourcecode.swift; path = EditHabitPopup.swift; sourceTree = "<group>"; };
		B55284352D9376D900F215D6 /* HabitCalendarView.swift */ = {isa = PBXFileReference; lastKnownFileType = sourcecode.swift; path = HabitCalendarView.swift; sourceTree = "<group>"; };
		B55284362D9376D900F215D6 /* HabitCardView.swift */ = {isa = PBXFileReference; lastKnownFileType = sourcecode.swift; path = HabitCardView.swift; sourceTree = "<group>"; };
		B55284372D9376D900F215D6 /* HabitDashboardView.swift */ = {isa = PBXFileReference; lastKnownFileType = sourcecode.swift; path = HabitDashboardView.swift; sourceTree = "<group>"; };
		B55284382D9376D900F215D6 /* HabitGridView.swift */ = {isa = PBXFileReference; lastKnownFileType = sourcecode.swift; path = HabitGridView.swift; sourceTree = "<group>"; };
		B55284392D9376D900F215D6 /* HabitProgressCard.swift */ = {isa = PBXFileReference; lastKnownFileType = sourcecode.swift; path = HabitProgressCard.swift; sourceTree = "<group>"; };
		B552843A2D9376D900F215D6 /* HabitStatsView.swift */ = {isa = PBXFileReference; lastKnownFileType = sourcecode.swift; path = HabitStatsView.swift; sourceTree = "<group>"; };
		B552843B2D9376D900F215D6 /* HabitTrackerView.swift */ = {isa = PBXFileReference; lastKnownFileType = sourcecode.swift; path = HabitTrackerView.swift; sourceTree = "<group>"; };
		B552843C2D9376D900F215D6 /* MonthSelector.swift */ = {isa = PBXFileReference; lastKnownFileType = sourcecode.swift; path = MonthSelector.swift; sourceTree = "<group>"; };
		B552843D2D9376D900F215D6 /* MoodTagPopup.swift */ = {isa = PBXFileReference; lastKnownFileType = sourcecode.swift; path = MoodTagPopup.swift; sourceTree = "<group>"; };
		B552843E2D9376D900F215D6 /* WeekdayProgressView.swift */ = {isa = PBXFileReference; lastKnownFileType = sourcecode.swift; path = WeekdayProgressView.swift; sourceTree = "<group>"; };
		B55284402D9376D900F215D6 /* HealthInfoView.swift */ = {isa = PBXFileReference; lastKnownFileType = sourcecode.swift; path = HealthInfoView.swift; sourceTree = "<group>"; };
		B55284422D9376D900F215D6 /* NutritionView.swift */ = {isa = PBXFileReference; lastKnownFileType = sourcecode.swift; path = NutritionView.swift; sourceTree = "<group>"; };
		B55284442D9376D900F215D6 /* WorkoutsView.swift */ = {isa = PBXFileReference; lastKnownFileType = sourcecode.swift; path = WorkoutsView.swift; sourceTree = "<group>"; };
		B55284462D9376D900F215D6 /* MainTabView.swift */ = {isa = PBXFileReference; lastKnownFileType = sourcecode.swift; path = MainTabView.swift; sourceTree = "<group>"; };
		B55284472D9376D900F215D6 /* ModularContentView.swift */ = {isa = PBXFileReference; lastKnownFileType = sourcecode.swift; path = ModularContentView.swift; sourceTree = "<group>"; };
		B55284482D9376D900F215D6 /* SplashScreen.swift */ = {isa = PBXFileReference; lastKnownFileType = sourcecode.swift; path = SplashScreen.swift; sourceTree = "<group>"; };
		B57BE6812D9396D600704AA4 /* HabitMoodEntryView.swift */ = {isa = PBXFileReference; lastKnownFileType = sourcecode.swift; path = HabitMoodEntryView.swift; sourceTree = "<group>"; };
		B57BE6832D9397C300704AA4 /* HabitTrackerViewModel.swift */ = {isa = PBXFileReference; lastKnownFileType = sourcecode.swift; path = HabitTrackerViewModel.swift; sourceTree = "<group>"; };
		B59280472D9A3BA9009F1BAD /* NutritionAnimatedFlowView.swift */ = {isa = PBXFileReference; lastKnownFileType = sourcecode.swift; path = NutritionAnimatedFlowView.swift; sourceTree = "<group>"; };
		B59280492D9A3BC2009F1BAD /* IngredientTagView.swift */ = {isa = PBXFileReference; lastKnownFileType = sourcecode.swift; path = IngredientTagView.swift; sourceTree = "<group>"; };
		B592804B2D9A3BD4009F1BAD /* NutritionInsightTagView.swift */ = {isa = PBXFileReference; lastKnownFileType = sourcecode.swift; path = NutritionInsightTagView.swift; sourceTree = "<group>"; };
		B592804D2D9A3BF7009F1BAD /* MacroRingView.swift */ = {isa = PBXFileReference; lastKnownFileType = sourcecode.swift; path = MacroRingView.swift; sourceTree = "<group>"; };
		B592804F2D9A6862009F1BAD /* SmartListDetectionView.swift */ = {isa = PBXFileReference; lastKnownFileType = sourcecode.swift; path = SmartListDetectionView.swift; sourceTree = "<group>"; };
		B59280532D9A6A4F009F1BAD /* AddFoodItemView.swift */ = {isa = PBXFileReference; lastKnownFileType = sourcecode.swift; path = AddFoodItemView.swift; sourceTree = "<group>"; };
		B592805D2D9A77B6009F1BAD /* NutritionViewModel2.swift */ = {isa = PBXFileReference; lastKnownFileType = sourcecode.swift; path = NutritionViewModel2.swift; sourceTree = "<group>"; };
		B592805F2D9A8132009F1BAD /* NutritionTypes.swift */ = {isa = PBXFileReference; lastKnownFileType = sourcecode.swift; path = NutritionTypes.swift; sourceTree = "<group>"; };
		B5AE12B82D97B4A300204D95 /* APIConstants.swift */ = {isa = PBXFileReference; lastKnownFileType = sourcecode.swift; path = APIConstants.swift; sourceTree = "<group>"; };
		B5AE12BA2D97B4D500204D95 /* APIResponseModels.swift */ = {isa = PBXFileReference; lastKnownFileType = sourcecode.swift; path = APIResponseModels.swift; sourceTree = "<group>"; };
		B5AE12BC2D97B51F00204D95 /* VisionService.swift */ = {isa = PBXFileReference; lastKnownFileType = sourcecode.swift; path = VisionService.swift; sourceTree = "<group>"; };
		B5AE12BE2D97B54500204D95 /* NutritionService.swift */ = {isa = PBXFileReference; lastKnownFileType = sourcecode.swift; path = NutritionService.swift; sourceTree = "<group>"; };
		B5AE12C02D97B57100204D95 /* NutritionScoreCalculator.swift */ = {isa = PBXFileReference; lastKnownFileType = sourcecode.swift; path = NutritionScoreCalculator.swift; sourceTree = "<group>"; };
		B5AE12C22D97C17100204D95 /* FoodDetectionResultView.swift */ = {isa = PBXFileReference; lastKnownFileType = sourcecode.swift; path = FoodDetectionResultView.swift; sourceTree = "<group>"; };
		B5AE12C42D97C18C00204D95 /* FoodItemEditView.swift */ = {isa = PBXFileReference; lastKnownFileType = sourcecode.swift; path = FoodItemEditView.swift; sourceTree = "<group>"; };
		B5AE12C62D97C19C00204D95 /* FoodLogConfirmationView.swift */ = {isa = PBXFileReference; lastKnownFileType = sourcecode.swift; path = FoodLogConfirmationView.swift; sourceTree = "<group>"; };
		B5C44AE62D9BB5B40052A4B3 /* CloudKitSyncManager.swift */ = {isa = PBXFileReference; lastKnownFileType = sourcecode.swift; path = CloudKitSyncManager.swift; sourceTree = "<group>"; };
		B5C44AEA2D9D19C30052A4B3 /* NutritionGoals.swift */ = {isa = PBXFileReference; lastKnownFileType = sourcecode.swift; path = NutritionGoals.swift; sourceTree = "<group>"; };
		B5C44AEC2D9D19E40052A4B3 /* GoalsEditorView.swift */ = {isa = PBXFileReference; lastKnownFileType = sourcecode.swift; path = GoalsEditorView.swift; sourceTree = "<group>"; };
		B5C44AEE2D9D1A040052A4B3 /* WeeklyGoalsView.swift */ = {isa = PBXFileReference; lastKnownFileType = sourcecode.swift; path = WeeklyGoalsView.swift; sourceTree = "<group>"; };
		B5CB52C42D93C44F009DC977 /* CloudKitManager.swift */ = {isa = PBXFileReference; lastKnownFileType = sourcecode.swift; path = CloudKitManager.swift; sourceTree = "<group>"; };
		B5CB52D22D93D1E1009DC977 /* CompletionStatus.swift */ = {isa = PBXFileReference; lastKnownFileType = sourcecode.swift; path = CompletionStatus.swift; sourceTree = "<group>"; };
		B5CB52D82D9494A6009DC977 /* Louie.entitlements */ = {isa = PBXFileReference; lastKnownFileType = text.plist.entitlements; path = Louie.entitlements; sourceTree = "<group>"; };
		B5E331772D970CC8009A96F6 /* aiFoodAnalysis.swift */ = {isa = PBXFileReference; lastKnownFileType = sourcecode.swift; path = aiFoodAnalysis.swift; sourceTree = "<group>"; };
		B5E331792D970D15009A96F6 /* CameraManager.swift */ = {isa = PBXFileReference; lastKnownFileType = sourcecode.swift; path = CameraManager.swift; sourceTree = "<group>"; };
		B5E331802D970DE1009A96F6 /* CameraView.swift */ = {isa = PBXFileReference; lastKnownFileType = sourcecode.swift; path = CameraView.swift; sourceTree = "<group>"; };
		B5E3318A2D972645009A96F6 /* Louie.app */ = {isa = PBXFileReference; explicitFileType = wrapper.application; includeInIndex = 0; path = Louie.app; sourceTree = BUILT_PRODUCTS_DIR; };
		B5E331C52D972AC1009A96F6 /* Louie.entitlements */ = {isa = PBXFileReference; lastKnownFileType = text.plist.entitlements; path = Louie.entitlements; sourceTree = "<group>"; };
/* End PBXFileReference section */

/* Begin PBXFrameworksBuildPhase section */
		B5E331872D972645009A96F6 /* Frameworks */ = {
			isa = PBXFrameworksBuildPhase;
			buildActionMask = 2147483647;
			files = (
			);
			runOnlyForDeploymentPostprocessing = 0;
		};
/* End PBXFrameworksBuildPhase section */

/* Begin PBXGroup section */
		B52DF4BC2D7D47C2002D19E4 = {
			isa = PBXGroup;
			children = (
				B5E331C52D972AC1009A96F6 /* Louie.entitlements */,
				B5CB52D32D93D1E1009DC977 /* Types */,
				B55284252D9376D900F215D6 /* Models */,
				B55284272D9376D900F215D6 /* Preview Content */,
				B55284282D9376D900F215D6 /* Services */,
				B552842C2D9376D900F215D6 /* Utilities */,
				B55284492D9376D900F215D6 /* Views */,
				B52DF4C62D7D47C2002D19E4 /* Products */,
				B552442E2D92747E003EEAC9 /* AIService.swift */,
				B552442F2D92747E003EEAC9 /* Assets.xcassets */,
				B55244302D92747E003EEAC9 /* CHANGELOG.md */,
				B55244312D92747E003EEAC9 /* ContentView.swift */,
				B55244322D92747E003EEAC9 /* Context.md */,
				B55244332D92747E003EEAC9 /* LouieApp.swift */,
				B55244352D92747E003EEAC9 /* Preview Content */,
				B55244362D92747E003EEAC9 /* README.md */,
				B55244372D92747E003EEAC9 /* Services */,
			);
			sourceTree = "<group>";
		};
		B52DF4C62D7D47C2002D19E4 /* Products */ = {
			isa = PBXGroup;
			children = (
				B5E3318A2D972645009A96F6 /* Louie.app */,
			);
			name = Products;
			sourceTree = "<group>";
		};
		B55244352D92747E003EEAC9 /* Preview Content */ = {
			isa = PBXGroup;
			children = (
				B55244342D92747E003EEAC9 /* Preview Assets.xcassets */,
			);
			path = "Preview Content";
			sourceTree = "<group>";
		};
		B55244372D92747E003EEAC9 /* Services */ = {
			isa = PBXGroup;
			children = (
			);
			path = Services;
			sourceTree = "<group>";
		};
		B55284252D9376D900F215D6 /* Models */ = {
			isa = PBXGroup;
			children = (
				B5C44AEA2D9D19C30052A4B3 /* NutritionGoals.swift */,
				B592805F2D9A8132009F1BAD /* NutritionTypes.swift */,
				B592805D2D9A77B6009F1BAD /* NutritionViewModel2.swift */,
				B5AE12BA2D97B4D500204D95 /* APIResponseModels.swift */,
				B57BE6832D9397C300704AA4 /* HabitTrackerViewModel.swift */,
				B55284222D9376D900F215D6 /* Habit.swift */,
				B55284232D9376D900F215D6 /* HabitViewModel.swift */,
				B55284242D9376D900F215D6 /* Workout.swift */,
			);
			path = Models;
			sourceTree = "<group>";
		};
		B55284272D9376D900F215D6 /* Preview Content */ = {
			isa = PBXGroup;
			children = (
				B55284262D9376D900F215D6 /* Preview Assets.xcassets */,
			);
			path = "Preview Content";
			sourceTree = "<group>";
		};
		B55284282D9376D900F215D6 /* Services */ = {
			isa = PBXGroup;
			children = (
				B5C44AE62D9BB5B40052A4B3 /* CloudKitSyncManager.swift */,
				B5AE12C02D97B57100204D95 /* NutritionScoreCalculator.swift */,
				B5AE12BE2D97B54500204D95 /* NutritionService.swift */,
				B5AE12BC2D97B51F00204D95 /* VisionService.swift */,
				B5E331792D970D15009A96F6 /* CameraManager.swift */,
				B5E331772D970CC8009A96F6 /* aiFoodAnalysis.swift */,
				B5CB52C42D93C44F009DC977 /* CloudKitManager.swift */,
				B5CB52D82D9494A6009DC977 /* Louie.entitlements */,
			);
			path = Services;
			sourceTree = "<group>";
		};
		B552842C2D9376D900F215D6 /* Utilities */ = {
			isa = PBXGroup;
			children = (
				B5AE12B82D97B4A300204D95 /* APIConstants.swift */,
				B55284292D9376D900F215D6 /* BackgroundBlurView.swift */,
				B552842A2D9376D900F215D6 /* Color+Hex.swift */,
				B552842B2D9376D900F215D6 /* ReorderHelpers.swift */,
			);
			path = Utilities;
			sourceTree = "<group>";
		};
		B552842E2D9376D900F215D6 /* DailyCheckIn */ = {
			isa = PBXGroup;
			children = (
				B552842D2D9376D900F215D6 /* DailyCheckInView.swift */,
			);
			path = DailyCheckIn;
			sourceTree = "<group>";
		};
		B55284302D9376D900F215D6 /* Gamification */ = {
			isa = PBXGroup;
			children = (
				B552842F2D9376D900F215D6 /* GamificationView.swift */,
			);
			path = Gamification;
			sourceTree = "<group>";
		};
		B552843F2D9376D900F215D6 /* Habit */ = {
			isa = PBXGroup;
			children = (
				B57BE6812D9396D600704AA4 /* HabitMoodEntryView.swift */,
				B55284312D9376D900F215D6 /* AchievementsPopup.swift */,
				B55284322D9376D900F215D6 /* CreateHabitPopup.swift */,
				B55284332D9376D900F215D6 /* CustomDaysSelector.swift */,
				B55284342D9376D900F215D6 /* EditHabitPopup.swift */,
				B55284352D9376D900F215D6 /* HabitCalendarView.swift */,
				B55284362D9376D900F215D6 /* HabitCardView.swift */,
				B55284372D9376D900F215D6 /* HabitDashboardView.swift */,
				B55284382D9376D900F215D6 /* HabitGridView.swift */,
				B55284392D9376D900F215D6 /* HabitProgressCard.swift */,
				B552843A2D9376D900F215D6 /* HabitStatsView.swift */,
				B552843B2D9376D900F215D6 /* HabitTrackerView.swift */,
				B552843C2D9376D900F215D6 /* MonthSelector.swift */,
				B552843D2D9376D900F215D6 /* MoodTagPopup.swift */,
				B552843E2D9376D900F215D6 /* WeekdayProgressView.swift */,
			);
			path = Habit;
			sourceTree = "<group>";
		};
		B55284412D9376D900F215D6 /* Health */ = {
			isa = PBXGroup;
			children = (
				B55284402D9376D900F215D6 /* HealthInfoView.swift */,
			);
			path = Health;
			sourceTree = "<group>";
		};
		B55284432D9376D900F215D6 /* Nutrition */ = {
			isa = PBXGroup;
			children = (
				B5C44AEE2D9D1A040052A4B3 /* WeeklyGoalsView.swift */,
				B5C44AEC2D9D19E40052A4B3 /* GoalsEditorView.swift */,
				B59280532D9A6A4F009F1BAD /* AddFoodItemView.swift */,
				B592804F2D9A6862009F1BAD /* SmartListDetectionView.swift */,
				B592804D2D9A3BF7009F1BAD /* MacroRingView.swift */,
				B592804B2D9A3BD4009F1BAD /* NutritionInsightTagView.swift */,
				B59280492D9A3BC2009F1BAD /* IngredientTagView.swift */,
				B59280472D9A3BA9009F1BAD /* NutritionAnimatedFlowView.swift */,
				B5AE12C62D97C19C00204D95 /* FoodLogConfirmationView.swift */,
				B5AE12C42D97C18C00204D95 /* FoodItemEditView.swift */,
				B5AE12C22D97C17100204D95 /* FoodDetectionResultView.swift */,
				B5E331802D970DE1009A96F6 /* CameraView.swift */,
				B55284422D9376D900F215D6 /* NutritionView.swift */,
			);
			path = Nutrition;
			sourceTree = "<group>";
		};
		B55284452D9376D900F215D6 /* Workouts */ = {
			isa = PBXGroup;
			children = (
				B55284442D9376D900F215D6 /* WorkoutsView.swift */,
			);
			path = Workouts;
			sourceTree = "<group>";
		};
		B55284492D9376D900F215D6 /* Views */ = {
			isa = PBXGroup;
			children = (
				B552842E2D9376D900F215D6 /* DailyCheckIn */,
				B55284302D9376D900F215D6 /* Gamification */,
				B552843F2D9376D900F215D6 /* Habit */,
				B55284412D9376D900F215D6 /* Health */,
				B55284432D9376D900F215D6 /* Nutrition */,
				B55284452D9376D900F215D6 /* Workouts */,
				B55284462D9376D900F215D6 /* MainTabView.swift */,
				B55284472D9376D900F215D6 /* ModularContentView.swift */,
				B55284482D9376D900F215D6 /* SplashScreen.swift */,
			);
			path = Views;
			sourceTree = "<group>";
		};
		B5CB52D32D93D1E1009DC977 /* Types */ = {
			isa = PBXGroup;
			children = (
				B5CB52D22D93D1E1009DC977 /* CompletionStatus.swift */,
			);
			path = Types;
			sourceTree = "<group>";
		};
/* End PBXGroup section */

/* Begin PBXNativeTarget section */
		B5E331892D972645009A96F6 /* Louie */ = {
			isa = PBXNativeTarget;
			buildConfigurationList = B5E331952D972646009A96F6 /* Build configuration list for PBXNativeTarget "Louie" */;
			buildPhases = (
				B5E331862D972645009A96F6 /* Sources */,
				B5E331872D972645009A96F6 /* Frameworks */,
				B5E331882D972645009A96F6 /* Resources */,
			);
			buildRules = (
			);
			dependencies = (
			);
			name = Louie;
			packageProductDependencies = (
			);
			productName = Louie;
			productReference = B5E3318A2D972645009A96F6 /* Louie.app */;
			productType = "com.apple.product-type.application";
		};
/* End PBXNativeTarget section */

/* Begin PBXProject section */
		B52DF4BD2D7D47C2002D19E4 /* Project object */ = {
			isa = PBXProject;
			attributes = {
				BuildIndependentTargetsInParallel = 1;
				LastSwiftUpdateCheck = 1620;
				LastUpgradeCheck = 1620;
				TargetAttributes = {
					B5E331892D972645009A96F6 = {
						CreatedOnToolsVersion = 16.2;
					};
				};
			};
			buildConfigurationList = B52DF4C02D7D47C2002D19E4 /* Build configuration list for PBXProject "Louie" */;
			developmentRegion = en;
			hasScannedForEncodings = 0;
			knownRegions = (
				en,
				Base,
			);
			mainGroup = B52DF4BC2D7D47C2002D19E4;
			minimizedProjectReferenceProxies = 1;
			preferredProjectObjectVersion = 77;
			productRefGroup = B52DF4C62D7D47C2002D19E4 /* Products */;
			projectDirPath = "";
			projectRoot = "";
			targets = (
				B5E331892D972645009A96F6 /* Louie */,
			);
		};
/* End PBXProject section */

/* Begin PBXResourcesBuildPhase section */
		B5E331882D972645009A96F6 /* Resources */ = {
			isa = PBXResourcesBuildPhase;
			buildActionMask = 2147483647;
			files = (
				B5E3319F2D9726BD009A96F6 /* Preview Assets.xcassets in Resources */,
				B5E331C12D9727D9009A96F6 /* Assets.xcassets in Resources */,
				B5E331C22D9727E4009A96F6 /* CHANGELOG.md in Resources */,
			);
			runOnlyForDeploymentPostprocessing = 0;
		};
/* End PBXResourcesBuildPhase section */

/* Begin PBXSourcesBuildPhase section */
		B5E331862D972645009A96F6 /* Sources */ = {
			isa = PBXSourcesBuildPhase;
			buildActionMask = 2147483647;
			files = (
				B5E331A42D9726EF009A96F6 /* Color+Hex.swift in Sources */,
				B5E3319C2D9726A2009A96F6 /* Habit.swift in Sources */,
				B5E331BB2D972773009A96F6 /* WorkoutsView.swift in Sources */,
				B5E331A92D972712009A96F6 /* AchievementsPopup.swift in Sources */,
				B5E331B42D972752009A96F6 /* MonthSelector.swift in Sources */,
				B5E331BD2D97277D009A96F6 /* ModularContentView.swift in Sources */,
				B5AE12C72D97C1B800204D95 /* FoodLogConfirmationView.swift in Sources */,
				B5AE12BF2D97B54C00204D95 /* NutritionService.swift in Sources */,
				B5E331C42D9727FD009A96F6 /* LouieApp.swift in Sources */,
				B5E331A22D9726D1009A96F6 /* CloudKitManager.swift in Sources */,
				B5E331B62D97275C009A96F6 /* WeekdayProgressView.swift in Sources */,
				B5C44AED2D9D19EB0052A4B3 /* GoalsEditorView.swift in Sources */,
				B5AE12C32D97C18400204D95 /* FoodDetectionResultView.swift in Sources */,
				B592805E2D9A77CC009F1BAD /* NutritionViewModel2.swift in Sources */,
				B5E331AD2D972726009A96F6 /* HabitCalendarView.swift in Sources */,
				B5E3319D2D9726AC009A96F6 /* HabitViewModel.swift in Sources */,
				B5AE12BD2D97B52700204D95 /* VisionService.swift in Sources */,
				B5E3319E2D9726B3009A96F6 /* Workout.swift in Sources */,
				B5E331AE2D97272C009A96F6 /* HabitCardView.swift in Sources */,
				B5E3319B2D97269B009A96F6 /* HabitTrackerViewModel.swift in Sources */,
				B5AE12C12D97B57B00204D95 /* NutritionScoreCalculator.swift in Sources */,
				B59280542D9A6A58009F1BAD /* AddFoodItemView.swift in Sources */,
				B59280602D9A8132009F1BAD /* NutritionTypes.swift in Sources */,
				B5E331B72D972760009A96F6 /* HealthInfoView.swift in Sources */,
				B5E331B22D972745009A96F6 /* HabitStatsView.swift in Sources */,
				B5E331AB2D97271C009A96F6 /* CustomDaysSelector.swift in Sources */,
				B5C44AEF2D9D1A090052A4B3 /* WeeklyGoalsView.swift in Sources */,
				B5C44AEB2D9D19CE0052A4B3 /* NutritionGoals.swift in Sources */,
				B5E331BC2D972778009A96F6 /* MainTabView.swift in Sources */,
				B5E331A72D972707009A96F6 /* GamificationView.swift in Sources */,
				B5E331A82D97270C009A96F6 /* HabitMoodEntryView.swift in Sources */,
				B5E331A62D972701009A96F6 /* DailyCheckInView.swift in Sources */,
				B5E331B02D97273B009A96F6 /* HabitGridView.swift in Sources */,
				B592804A2D9A3BCB009F1BAD /* IngredientTagView.swift in Sources */,
				B5E331B32D97274A009A96F6 /* HabitTrackerView.swift in Sources */,
				B592804E2D9A3BFE009F1BAD /* MacroRingView.swift in Sources */,
				B5E331B52D972757009A96F6 /* MoodTagPopup.swift in Sources */,
				B5E331AF2D972735009A96F6 /* HabitDashboardView.swift in Sources */,
				B5E331992D972680009A96F6 /* CompletionStatus.swift in Sources */,
				B5AE12C52D97C19300204D95 /* FoodItemEditView.swift in Sources */,
				B5C44AE72D9BB5C20052A4B3 /* CloudKitSyncManager.swift in Sources */,
				B5E331C32D9727EA009A96F6 /* ContentView.swift in Sources */,
				B5E331A32D9726E9009A96F6 /* BackgroundBlurView.swift in Sources */,
				B5E331A52D9726F6009A96F6 /* ReorderHelpers.swift in Sources */,
				B5E331C02D9727D1009A96F6 /* AIService.swift in Sources */,
				B5E331AA2D972717009A96F6 /* CreateHabitPopup.swift in Sources */,
				B5AE12BB2D97B4E100204D95 /* APIResponseModels.swift in Sources */,
				B592804C2D9A3BE7009F1BAD /* NutritionInsightTagView.swift in Sources */,
				B5E331A02D9726C7009A96F6 /* CameraManager.swift in Sources */,
				B59280482D9A3BB6009F1BAD /* NutritionAnimatedFlowView.swift in Sources */,
				B5E331B92D972769009A96F6 /* CameraView.swift in Sources */,
				B5E331BE2D972783009A96F6 /* SplashScreen.swift in Sources */,
				B5AE12B92D97B4AE00204D95 /* APIConstants.swift in Sources */,
				B59280502D9A686F009F1BAD /* SmartListDetectionView.swift in Sources */,
				B5E331B12D972740009A96F6 /* HabitProgressCard.swift in Sources */,
				B5E331A12D9726CC009A96F6 /* aiFoodAnalysis.swift in Sources */,
				B5E331AC2D972722009A96F6 /* EditHabitPopup.swift in Sources */,
				B5E331BA2D97276E009A96F6 /* NutritionView.swift in Sources */,
			);
			runOnlyForDeploymentPostprocessing = 0;
		};
/* End PBXSourcesBuildPhase section */

/* Begin XCBuildConfiguration section */
		B52DF4D12D7D47C3002D19E4 /* Debug */ = {
			isa = XCBuildConfiguration;
			buildSettings = {
				ALWAYS_SEARCH_USER_PATHS = NO;
				ASSETCATALOG_COMPILER_GENERATE_SWIFT_ASSET_SYMBOL_EXTENSIONS = YES;
				CLANG_ANALYZER_NONNULL = YES;
				CLANG_ANALYZER_NUMBER_OBJECT_CONVERSION = YES_AGGRESSIVE;
				CLANG_CXX_LANGUAGE_STANDARD = "gnu++20";
				CLANG_ENABLE_MODULES = YES;
				CLANG_ENABLE_OBJC_ARC = YES;
				CLANG_ENABLE_OBJC_WEAK = YES;
				CLANG_WARN_BLOCK_CAPTURE_AUTORELEASING = YES;
				CLANG_WARN_BOOL_CONVERSION = YES;
				CLANG_WARN_COMMA = YES;
				CLANG_WARN_CONSTANT_CONVERSION = YES;
				CLANG_WARN_DEPRECATED_OBJC_IMPLEMENTATIONS = YES;
				CLANG_WARN_DIRECT_OBJC_ISA_USAGE = YES_ERROR;
				CLANG_WARN_DOCUMENTATION_COMMENTS = YES;
				CLANG_WARN_EMPTY_BODY = YES;
				CLANG_WARN_ENUM_CONVERSION = YES;
				CLANG_WARN_INFINITE_RECURSION = YES;
				CLANG_WARN_INT_CONVERSION = YES;
				CLANG_WARN_NON_LITERAL_NULL_CONVERSION = YES;
				CLANG_WARN_OBJC_IMPLICIT_RETAIN_SELF = YES;
				CLANG_WARN_OBJC_LITERAL_CONVERSION = YES;
				CLANG_WARN_OBJC_ROOT_CLASS = YES_ERROR;
				CLANG_WARN_QUOTED_INCLUDE_IN_FRAMEWORK_HEADER = YES;
				CLANG_WARN_RANGE_LOOP_ANALYSIS = YES;
				CLANG_WARN_STRICT_PROTOTYPES = YES;
				CLANG_WARN_SUSPICIOUS_MOVE = YES;
				CLANG_WARN_UNGUARDED_AVAILABILITY = YES_AGGRESSIVE;
				CLANG_WARN_UNREACHABLE_CODE = YES;
				CLANG_WARN__DUPLICATE_METHOD_MATCH = YES;
				COPY_PHASE_STRIP = NO;
				DEBUG_INFORMATION_FORMAT = dwarf;
				ENABLE_STRICT_OBJC_MSGSEND = YES;
				ENABLE_TESTABILITY = YES;
				ENABLE_USER_SCRIPT_SANDBOXING = YES;
				GCC_C_LANGUAGE_STANDARD = gnu17;
				GCC_DYNAMIC_NO_PIC = NO;
				GCC_NO_COMMON_BLOCKS = YES;
				GCC_OPTIMIZATION_LEVEL = 0;
				GCC_PREPROCESSOR_DEFINITIONS = (
					"DEBUG=1",
					"$(inherited)",
				);
				GCC_WARN_64_TO_32_BIT_CONVERSION = YES;
				GCC_WARN_ABOUT_RETURN_TYPE = YES_ERROR;
				GCC_WARN_UNDECLARED_SELECTOR = YES;
				GCC_WARN_UNINITIALIZED_AUTOS = YES_AGGRESSIVE;
				GCC_WARN_UNUSED_FUNCTION = YES;
				GCC_WARN_UNUSED_VARIABLE = YES;
				INFOPLIST_FILE = "";
				IPHONEOS_DEPLOYMENT_TARGET = 18.2;
				LOCALIZATION_PREFERS_STRING_CATALOGS = YES;
				MTL_ENABLE_DEBUG_INFO = INCLUDE_SOURCE;
				MTL_FAST_MATH = YES;
				ONLY_ACTIVE_ARCH = YES;
				SDKROOT = iphoneos;
				SWIFT_ACTIVE_COMPILATION_CONDITIONS = "DEBUG $(inherited)";
				SWIFT_OPTIMIZATION_LEVEL = "-Onone";
			};
			name = Debug;
		};
		B52DF4D22D7D47C3002D19E4 /* Release */ = {
			isa = XCBuildConfiguration;
			buildSettings = {
				ALWAYS_SEARCH_USER_PATHS = NO;
				ASSETCATALOG_COMPILER_GENERATE_SWIFT_ASSET_SYMBOL_EXTENSIONS = YES;
				CLANG_ANALYZER_NONNULL = YES;
				CLANG_ANALYZER_NUMBER_OBJECT_CONVERSION = YES_AGGRESSIVE;
				CLANG_CXX_LANGUAGE_STANDARD = "gnu++20";
				CLANG_ENABLE_MODULES = YES;
				CLANG_ENABLE_OBJC_ARC = YES;
				CLANG_ENABLE_OBJC_WEAK = YES;
				CLANG_WARN_BLOCK_CAPTURE_AUTORELEASING = YES;
				CLANG_WARN_BOOL_CONVERSION = YES;
				CLANG_WARN_COMMA = YES;
				CLANG_WARN_CONSTANT_CONVERSION = YES;
				CLANG_WARN_DEPRECATED_OBJC_IMPLEMENTATIONS = YES;
				CLANG_WARN_DIRECT_OBJC_ISA_USAGE = YES_ERROR;
				CLANG_WARN_DOCUMENTATION_COMMENTS = YES;
				CLANG_WARN_EMPTY_BODY = YES;
				CLANG_WARN_ENUM_CONVERSION = YES;
				CLANG_WARN_INFINITE_RECURSION = YES;
				CLANG_WARN_INT_CONVERSION = YES;
				CLANG_WARN_NON_LITERAL_NULL_CONVERSION = YES;
				CLANG_WARN_OBJC_IMPLICIT_RETAIN_SELF = YES;
				CLANG_WARN_OBJC_LITERAL_CONVERSION = YES;
				CLANG_WARN_OBJC_ROOT_CLASS = YES_ERROR;
				CLANG_WARN_QUOTED_INCLUDE_IN_FRAMEWORK_HEADER = YES;
				CLANG_WARN_RANGE_LOOP_ANALYSIS = YES;
				CLANG_WARN_STRICT_PROTOTYPES = YES;
				CLANG_WARN_SUSPICIOUS_MOVE = YES;
				CLANG_WARN_UNGUARDED_AVAILABILITY = YES_AGGRESSIVE;
				CLANG_WARN_UNREACHABLE_CODE = YES;
				CLANG_WARN__DUPLICATE_METHOD_MATCH = YES;
				COPY_PHASE_STRIP = NO;
				DEBUG_INFORMATION_FORMAT = "dwarf-with-dsym";
				ENABLE_NS_ASSERTIONS = NO;
				ENABLE_STRICT_OBJC_MSGSEND = YES;
				ENABLE_USER_SCRIPT_SANDBOXING = YES;
				GCC_C_LANGUAGE_STANDARD = gnu17;
				GCC_NO_COMMON_BLOCKS = YES;
				GCC_WARN_64_TO_32_BIT_CONVERSION = YES;
				GCC_WARN_ABOUT_RETURN_TYPE = YES_ERROR;
				GCC_WARN_UNDECLARED_SELECTOR = YES;
				GCC_WARN_UNINITIALIZED_AUTOS = YES_AGGRESSIVE;
				GCC_WARN_UNUSED_FUNCTION = YES;
				GCC_WARN_UNUSED_VARIABLE = YES;
				INFOPLIST_FILE = "";
				IPHONEOS_DEPLOYMENT_TARGET = 18.2;
				LOCALIZATION_PREFERS_STRING_CATALOGS = YES;
				MTL_ENABLE_DEBUG_INFO = NO;
				MTL_FAST_MATH = YES;
				SDKROOT = iphoneos;
				SWIFT_COMPILATION_MODE = wholemodule;
				VALIDATE_PRODUCT = YES;
			};
			name = Release;
		};
		B5E331962D972646009A96F6 /* Debug */ = {
			isa = XCBuildConfiguration;
			buildSettings = {
				ASSETCATALOG_COMPILER_APPICON_NAME = AppIcon;
				ASSETCATALOG_COMPILER_GLOBAL_ACCENT_COLOR_NAME = AccentColor;
				CODE_SIGN_ENTITLEMENTS = Louie.entitlements;
				CODE_SIGN_STYLE = Automatic;
				CURRENT_PROJECT_VERSION = 1;
				DEVELOPMENT_ASSET_PATHS = "\"Preview Content\"";
				DEVELOPMENT_TEAM = Z997G6AJWM;
				ENABLE_PREVIEWS = YES;
				GENERATE_INFOPLIST_FILE = YES;
				INFOPLIST_KEY_CFBundleDisplayName = Louie;
				INFOPLIST_KEY_NSCameraUsageDescription = "This app uses your camera to capture photos for nutritional analysis";
				INFOPLIST_KEY_UILaunchStoryboardName = "E14D9255-8407-42E0-BAE6-BF18611B2FA7.png";
				INFOPLIST_KEY_UISupportedInterfaceOrientations = "UIInterfaceOrientationLandscapeLeft UIInterfaceOrientationLandscapeRight UIInterfaceOrientationPortrait";
				LD_RUNPATH_SEARCH_PATHS = (
					"$(inherited)",
					"@executable_path/Frameworks",
				);
				MARKETING_VERSION = 1.0;
				PRODUCT_BUNDLE_IDENTIFIER = com.fox.Louie;
				PRODUCT_NAME = "$(TARGET_NAME)";
				SWIFT_EMIT_LOC_STRINGS = YES;
				SWIFT_VERSION = 5.0;
				TARGETED_DEVICE_FAMILY = "1,2";
			};
			name = Debug;
		};
		B5E331972D972646009A96F6 /* Release */ = {
			isa = XCBuildConfiguration;
			buildSettings = {
				ASSETCATALOG_COMPILER_APPICON_NAME = AppIcon;
				ASSETCATALOG_COMPILER_GLOBAL_ACCENT_COLOR_NAME = AccentColor;
				CODE_SIGN_ENTITLEMENTS = Louie.entitlements;
				CODE_SIGN_STYLE = Automatic;
				CURRENT_PROJECT_VERSION = 1;
				DEVELOPMENT_ASSET_PATHS = "\"Preview Content\"";
				DEVELOPMENT_TEAM = Z997G6AJWM;
				ENABLE_PREVIEWS = YES;
				GENERATE_INFOPLIST_FILE = YES;
				INFOPLIST_KEY_CFBundleDisplayName = Louie;
				INFOPLIST_KEY_NSCameraUsageDescription = "This app uses your camera to capture photos for nutritional analysis";
				INFOPLIST_KEY_UILaunchStoryboardName = "E14D9255-8407-42E0-BAE6-BF18611B2FA7.png";
				INFOPLIST_KEY_UISupportedInterfaceOrientations = "UIInterfaceOrientationLandscapeLeft UIInterfaceOrientationLandscapeRight UIInterfaceOrientationPortrait";
				LD_RUNPATH_SEARCH_PATHS = (
					"$(inherited)",
					"@executable_path/Frameworks",
				);
				MARKETING_VERSION = 1.0;
				PRODUCT_BUNDLE_IDENTIFIER = com.fox.Louie;
				PRODUCT_NAME = "$(TARGET_NAME)";
				SWIFT_EMIT_LOC_STRINGS = YES;
				SWIFT_VERSION = 5.0;
				TARGETED_DEVICE_FAMILY = "1,2";
			};
			name = Release;
		};
/* End XCBuildConfiguration section */

/* Begin XCConfigurationList section */
		B52DF4C02D7D47C2002D19E4 /* Build configuration list for PBXProject "Louie" */ = {
			isa = XCConfigurationList;
			buildConfigurations = (
				B52DF4D12D7D47C3002D19E4 /* Debug */,
				B52DF4D22D7D47C3002D19E4 /* Release */,
			);
			defaultConfigurationIsVisible = 0;
			defaultConfigurationName = Release;
		};
		B5E331952D972646009A96F6 /* Build configuration list for PBXNativeTarget "Louie" */ = {
			isa = XCConfigurationList;
			buildConfigurations = (
				B5E331962D972646009A96F6 /* Debug */,
				B5E331972D972646009A96F6 /* Release */,
			);
			defaultConfigurationIsVisible = 0;
			defaultConfigurationName = Release;
		};
/* End XCConfigurationList section */
	};
	rootObject = B52DF4BD2D7D47C2002D19E4 /* Project object */;
}
