// !$*UTF8*$!
{
	archiveVersion = 1;
	classes = {
	};
	objectVersion = 77;
	objects = {

/* Begin PBXBuildFile section */
		B55244382D92747E003EEAC9 /* Assets.xcassets in Resources */ = {isa = PBXBuildFile; fileRef = B552442F2D92747E003EEAC9 /* Assets.xcassets */; };
		B55244392D92747E003EEAC9 /* CHANGELOG.md in Resources */ = {isa = PBXBuildFile; fileRef = B55244302D92747E003EEAC9 /* CHANGELOG.md */; };
		B552443A2D92747E003EEAC9 /* Context.md in Resources */ = {isa = PBXBuildFile; fileRef = B55244322D92747E003EEAC9 /* Context.md */; };
		B552443B2D92747E003EEAC9 /* Preview Assets.xcassets in Resources */ = {isa = PBXBuildFile; fileRef = B55244342D92747E003EEAC9 /* Preview Assets.xcassets */; };
		B552443C2D92747E003EEAC9 /* README.md in Resources */ = {isa = PBXBuildFile; fileRef = B55244362D92747E003EEAC9 /* README.md */; };
		B552443D2D92747E003EEAC9 /* LouieApp.swift in Sources */ = {isa = PBXBuildFile; fileRef = B55244332D92747E003EEAC9 /* LouieApp.swift */; };
		B552443E2D92747E003EEAC9 /* AIService.swift in Sources */ = {isa = PBXBuildFile; fileRef = B552442E2D92747E003EEAC9 /* AIService.swift */; };
		B552443F2D92747E003EEAC9 /* ContentView.swift in Sources */ = {isa = PBXBuildFile; fileRef = B55244312D92747E003EEAC9 /* ContentView.swift */; };
		B552844A2D9376D900F215D6 /* GamificationView.swift in Sources */ = {isa = PBXBuildFile; fileRef = B552842F2D9376D900F215D6 /* GamificationView.swift */; };
		B552844B2D9376D900F215D6 /* BackgroundBlurView.swift in Sources */ = {isa = PBXBuildFile; fileRef = B55284292D9376D900F215D6 /* BackgroundBlurView.swift */; };
		B552844C2D9376D900F215D6 /* HabitCalendarView.swift in Sources */ = {isa = PBXBuildFile; fileRef = B55284352D9376D900F215D6 /* HabitCalendarView.swift */; };
		B552844D2D9376D900F215D6 /* HabitDashboardView.swift in Sources */ = {isa = PBXBuildFile; fileRef = B55284372D9376D900F215D6 /* HabitDashboardView.swift */; };
		B552844E2D9376D900F215D6 /* WorkoutsView.swift in Sources */ = {isa = PBXBuildFile; fileRef = B55284442D9376D900F215D6 /* WorkoutsView.swift */; };
		B552844F2D9376D900F215D6 /* CustomDaysSelector.swift in Sources */ = {isa = PBXBuildFile; fileRef = B55284332D9376D900F215D6 /* CustomDaysSelector.swift */; };
		B55284502D9376D900F215D6 /* Color+Hex.swift in Sources */ = {isa = PBXBuildFile; fileRef = B552842A2D9376D900F215D6 /* Color+Hex.swift */; };
		B55284512D9376D900F215D6 /* HabitCardView.swift in Sources */ = {isa = PBXBuildFile; fileRef = B55284362D9376D900F215D6 /* HabitCardView.swift */; };
		B55284522D9376D900F215D6 /* MainTabView.swift in Sources */ = {isa = PBXBuildFile; fileRef = B55284462D9376D900F215D6 /* MainTabView.swift */; };
		B55284532D9376D900F215D6 /* SplashScreen.swift in Sources */ = {isa = PBXBuildFile; fileRef = B55284482D9376D900F215D6 /* SplashScreen.swift */; };
		B55284542D9376D900F215D6 /* DailyCheckInView.swift in Sources */ = {isa = PBXBuildFile; fileRef = B552842D2D9376D900F215D6 /* DailyCheckInView.swift */; };
		B55284552D9376D900F215D6 /* AchievementsPopup.swift in Sources */ = {isa = PBXBuildFile; fileRef = B55284312D9376D900F215D6 /* AchievementsPopup.swift */; };
		B55284562D9376D900F215D6 /* CreateHabitPopup.swift in Sources */ = {isa = PBXBuildFile; fileRef = B55284322D9376D900F215D6 /* CreateHabitPopup.swift */; };
		B55284572D9376D900F215D6 /* MonthSelector.swift in Sources */ = {isa = PBXBuildFile; fileRef = B552843C2D9376D900F215D6 /* MonthSelector.swift */; };
		B55284582D9376D900F215D6 /* HabitGridView.swift in Sources */ = {isa = PBXBuildFile; fileRef = B55284382D9376D900F215D6 /* HabitGridView.swift */; };
		B55284592D9376D900F215D6 /* ModularContentView.swift in Sources */ = {isa = PBXBuildFile; fileRef = B55284472D9376D900F215D6 /* ModularContentView.swift */; };
		B552845A2D9376D900F215D6 /* MoodTagPopup.swift in Sources */ = {isa = PBXBuildFile; fileRef = B552843D2D9376D900F215D6 /* MoodTagPopup.swift */; };
		B552845B2D9376D900F215D6 /* Habit.swift in Sources */ = {isa = PBXBuildFile; fileRef = B55284222D9376D900F215D6 /* Habit.swift */; };
		B552845C2D9376D900F215D6 /* HabitProgressCard.swift in Sources */ = {isa = PBXBuildFile; fileRef = B55284392D9376D900F215D6 /* HabitProgressCard.swift */; };
		B552845D2D9376D900F215D6 /* NutritionView.swift in Sources */ = {isa = PBXBuildFile; fileRef = B55284422D9376D900F215D6 /* NutritionView.swift */; };
		B552845E2D9376D900F215D6 /* HabitStatsView.swift in Sources */ = {isa = PBXBuildFile; fileRef = B552843A2D9376D900F215D6 /* HabitStatsView.swift */; };
		B552845F2D9376D900F215D6 /* HabitTrackerView.swift in Sources */ = {isa = PBXBuildFile; fileRef = B552843B2D9376D900F215D6 /* HabitTrackerView.swift */; };
		B55284602D9376D900F215D6 /* EditHabitPopup.swift in Sources */ = {isa = PBXBuildFile; fileRef = B55284342D9376D900F215D6 /* EditHabitPopup.swift */; };
		B55284612D9376D900F215D6 /* ReorderHelpers.swift in Sources */ = {isa = PBXBuildFile; fileRef = B552842B2D9376D900F215D6 /* ReorderHelpers.swift */; };
		B55284622D9376D900F215D6 /* HabitViewModel.swift in Sources */ = {isa = PBXBuildFile; fileRef = B55284232D9376D900F215D6 /* HabitViewModel.swift */; };
		B55284632D9376D900F215D6 /* HealthInfoView.swift in Sources */ = {isa = PBXBuildFile; fileRef = B55284402D9376D900F215D6 /* HealthInfoView.swift */; };
		B55284642D9376D900F215D6 /* WeekdayProgressView.swift in Sources */ = {isa = PBXBuildFile; fileRef = B552843E2D9376D900F215D6 /* WeekdayProgressView.swift */; };
		B55284652D9376D900F215D6 /* Workout.swift in Sources */ = {isa = PBXBuildFile; fileRef = B55284242D9376D900F215D6 /* Workout.swift */; };
		B55284662D9376D900F215D6 /* Preview Assets.xcassets in Resources */ = {isa = PBXBuildFile; fileRef = B55284262D9376D900F215D6 /* Preview Assets.xcassets */; };
		B57BE6822D9396D600704AA4 /* HabitMoodEntryView.swift in Sources */ = {isa = PBXBuildFile; fileRef = B57BE6812D9396D600704AA4 /* HabitMoodEntryView.swift */; };
		B57BE6842D9397C300704AA4 /* HabitTrackerViewModel.swift in Sources */ = {isa = PBXBuildFile; fileRef = B57BE6832D9397C300704AA4 /* HabitTrackerViewModel.swift */; };
/* End PBXBuildFile section */

/* Begin PBXFileReference section */
		B52DF4C52D7D47C2002D19E4 /* Louie.app */ = {isa = PBXFileReference; explicitFileType = wrapper.application; includeInIndex = 0; path = Louie.app; sourceTree = BUILT_PRODUCTS_DIR; };
		B552442E2D92747E003EEAC9 /* AIService.swift */ = {isa = PBXFileReference; lastKnownFileType = sourcecode.swift; path = AIService.swift; sourceTree = "<group>"; };
		B552442F2D92747E003EEAC9 /* Assets.xcassets */ = {isa = PBXFileReference; lastKnownFileType = folder.assetcatalog; path = Assets.xcassets; sourceTree = "<group>"; };
		B55244302D92747E003EEAC9 /* CHANGELOG.md */ = {isa = PBXFileReference; lastKnownFileType = net.daringfireball.markdown; path = CHANGELOG.md; sourceTree = "<group>"; };
		B55244312D92747E003EEAC9 /* ContentView.swift */ = {isa = PBXFileReference; lastKnownFileType = sourcecode.swift; path = ContentView.swift; sourceTree = "<group>"; };
		B55244322D92747E003EEAC9 /* Context.md */ = {isa = PBXFileReference; lastKnownFileType = net.daringfireball.markdown; path = Context.md; sourceTree = "<group>"; };
		B55244332D92747E003EEAC9 /* LouieApp.swift */ = {isa = PBXFileReference; lastKnownFileType = sourcecode.swift; path = LouieApp.swift; sourceTree = "<group>"; };
		B55244342D92747E003EEAC9 /* Preview Assets.xcassets */ = {isa = PBXFileReference; lastKnownFileType = folder.assetcatalog; path = "Preview Assets.xcassets"; sourceTree = "<group>"; };
		B55244362D92747E003EEAC9 /* README.md */ = {isa = PBXFileReference; lastKnownFileType = net.daringfireball.markdown; path = README.md; sourceTree = "<group>"; };
		B55284222D9376D900F215D6 /* Habit.swift */ = {isa = PBXFileReference; lastKnownFileType = sourcecode.swift; path = Habit.swift; sourceTree = "<group>"; };
		B55284232D9376D900F215D6 /* HabitViewModel.swift */ = {isa = PBXFileReference; lastKnownFileType = sourcecode.swift; path = HabitViewModel.swift; sourceTree = "<group>"; };
		B55284242D9376D900F215D6 /* Workout.swift */ = {isa = PBXFileReference; lastKnownFileType = sourcecode.swift; path = Workout.swift; sourceTree = "<group>"; };
		B55284262D9376D900F215D6 /* Preview Assets.xcassets */ = {isa = PBXFileReference; lastKnownFileType = folder.assetcatalog; path = "Preview Assets.xcassets"; sourceTree = "<group>"; };
		B55284292D9376D900F215D6 /* BackgroundBlurView.swift */ = {isa = PBXFileReference; lastKnownFileType = sourcecode.swift; path = BackgroundBlurView.swift; sourceTree = "<group>"; };
		B552842A2D9376D900F215D6 /* Color+Hex.swift */ = {isa = PBXFileReference; lastKnownFileType = sourcecode.swift; path = "Color+Hex.swift"; sourceTree = "<group>"; };
		B552842B2D9376D900F215D6 /* ReorderHelpers.swift */ = {isa = PBXFileReference; lastKnownFileType = sourcecode.swift; path = ReorderHelpers.swift; sourceTree = "<group>"; };
		B552842D2D9376D900F215D6 /* DailyCheckInView.swift */ = {isa = PBXFileReference; lastKnownFileType = sourcecode.swift; path = DailyCheckInView.swift; sourceTree = "<group>"; };
		B552842F2D9376D900F215D6 /* GamificationView.swift */ = {isa = PBXFileReference; lastKnownFileType = sourcecode.swift; path = GamificationView.swift; sourceTree = "<group>"; };
		B55284312D9376D900F215D6 /* AchievementsPopup.swift */ = {isa = PBXFileReference; lastKnownFileType = sourcecode.swift; path = AchievementsPopup.swift; sourceTree = "<group>"; };
		B55284322D9376D900F215D6 /* CreateHabitPopup.swift */ = {isa = PBXFileReference; lastKnownFileType = sourcecode.swift; path = CreateHabitPopup.swift; sourceTree = "<group>"; };
		B55284332D9376D900F215D6 /* CustomDaysSelector.swift */ = {isa = PBXFileReference; lastKnownFileType = sourcecode.swift; path = CustomDaysSelector.swift; sourceTree = "<group>"; };
		B55284342D9376D900F215D6 /* EditHabitPopup.swift */ = {isa = PBXFileReference; lastKnownFileType = sourcecode.swift; path = EditHabitPopup.swift; sourceTree = "<group>"; };
		B55284352D9376D900F215D6 /* HabitCalendarView.swift */ = {isa = PBXFileReference; lastKnownFileType = sourcecode.swift; path = HabitCalendarView.swift; sourceTree = "<group>"; };
		B55284362D9376D900F215D6 /* HabitCardView.swift */ = {isa = PBXFileReference; lastKnownFileType = sourcecode.swift; path = HabitCardView.swift; sourceTree = "<group>"; };
		B55284372D9376D900F215D6 /* HabitDashboardView.swift */ = {isa = PBXFileReference; lastKnownFileType = sourcecode.swift; path = HabitDashboardView.swift; sourceTree = "<group>"; };
		B55284382D9376D900F215D6 /* HabitGridView.swift */ = {isa = PBXFileReference; lastKnownFileType = sourcecode.swift; path = HabitGridView.swift; sourceTree = "<group>"; };
		B55284392D9376D900F215D6 /* HabitProgressCard.swift */ = {isa = PBXFileReference; lastKnownFileType = sourcecode.swift; path = HabitProgressCard.swift; sourceTree = "<group>"; };
		B552843A2D9376D900F215D6 /* HabitStatsView.swift */ = {isa = PBXFileReference; lastKnownFileType = sourcecode.swift; path = HabitStatsView.swift; sourceTree = "<group>"; };
		B552843B2D9376D900F215D6 /* HabitTrackerView.swift */ = {isa = PBXFileReference; lastKnownFileType = sourcecode.swift; path = HabitTrackerView.swift; sourceTree = "<group>"; };
		B552843C2D9376D900F215D6 /* MonthSelector.swift */ = {isa = PBXFileReference; lastKnownFileType = sourcecode.swift; path = MonthSelector.swift; sourceTree = "<group>"; };
		B552843D2D9376D900F215D6 /* MoodTagPopup.swift */ = {isa = PBXFileReference; lastKnownFileType = sourcecode.swift; path = MoodTagPopup.swift; sourceTree = "<group>"; };
		B552843E2D9376D900F215D6 /* WeekdayProgressView.swift */ = {isa = PBXFileReference; lastKnownFileType = sourcecode.swift; path = WeekdayProgressView.swift; sourceTree = "<group>"; };
		B55284402D9376D900F215D6 /* HealthInfoView.swift */ = {isa = PBXFileReference; lastKnownFileType = sourcecode.swift; path = HealthInfoView.swift; sourceTree = "<group>"; };
		B55284422D9376D900F215D6 /* NutritionView.swift */ = {isa = PBXFileReference; lastKnownFileType = sourcecode.swift; path = NutritionView.swift; sourceTree = "<group>"; };
		B55284442D9376D900F215D6 /* WorkoutsView.swift */ = {isa = PBXFileReference; lastKnownFileType = sourcecode.swift; path = WorkoutsView.swift; sourceTree = "<group>"; };
		B55284462D9376D900F215D6 /* MainTabView.swift */ = {isa = PBXFileReference; lastKnownFileType = sourcecode.swift; path = MainTabView.swift; sourceTree = "<group>"; };
		B55284472D9376D900F215D6 /* ModularContentView.swift */ = {isa = PBXFileReference; lastKnownFileType = sourcecode.swift; path = ModularContentView.swift; sourceTree = "<group>"; };
		B55284482D9376D900F215D6 /* SplashScreen.swift */ = {isa = PBXFileReference; lastKnownFileType = sourcecode.swift; path = SplashScreen.swift; sourceTree = "<group>"; };
		B57BE6812D9396D600704AA4 /* HabitMoodEntryView.swift */ = {isa = PBXFileReference; lastKnownFileType = sourcecode.swift; path = "HabitMoodEntryView.swift"; sourceTree = "<group>"; };
		B57BE6832D9397C300704AA4 /* HabitTrackerViewModel.swift */ = {isa = PBXFileReference; lastKnownFileType = sourcecode.swift; path = "HabitTrackerViewModel.swift"; sourceTree = "<group>"; };
/* End PBXFileReference section */

/* Begin PBXFrameworksBuildPhase section */
		B52DF4C22D7D47C2002D19E4 /* Frameworks */ = {
			isa = PBXFrameworksBuildPhase;
			buildActionMask = 2147483647;
			files = (
			);
			runOnlyForDeploymentPostprocessing = 0;
		};
/* End PBXFrameworksBuildPhase section */

/* Begin PBXGroup section */
		B52DF4BC2D7D47C2002D19E4 = {
			isa = PBXGroup;
			children = (
				B55284252D9376D900F215D6 /* Models */,
				B55284272D9376D900F215D6 /* Preview Content */,
				B55284282D9376D900F215D6 /* Services */,
				B552842C2D9376D900F215D6 /* Utilities */,
				B55284492D9376D900F215D6 /* Views */,
				B52DF4C62D7D47C2002D19E4 /* Products */,
				B552442E2D92747E003EEAC9 /* AIService.swift */,
				B552442F2D92747E003EEAC9 /* Assets.xcassets */,
				B55244302D92747E003EEAC9 /* CHANGELOG.md */,
				B55244312D92747E003EEAC9 /* ContentView.swift */,
				B55244322D92747E003EEAC9 /* Context.md */,
				B55244332D92747E003EEAC9 /* LouieApp.swift */,
				B55244352D92747E003EEAC9 /* Preview Content */,
				B55244362D92747E003EEAC9 /* README.md */,
				B55244372D92747E003EEAC9 /* Services */,
			);
			sourceTree = "<group>";
		};
		B52DF4C62D7D47C2002D19E4 /* Products */ = {
			isa = PBXGroup;
			children = (
				B52DF4C52D7D47C2002D19E4 /* Louie.app */,
			);
			name = Products;
			sourceTree = "<group>";
		};
		B55244352D92747E003EEAC9 /* Preview Content */ = {
			isa = PBXGroup;
			children = (
				B55244342D92747E003EEAC9 /* Preview Assets.xcassets */,
			);
			path = "Preview Content";
			sourceTree = "<group>";
		};
		B55244372D92747E003EEAC9 /* Services */ = {
			isa = PBXGroup;
			children = (
			);
			path = Services;
			sourceTree = "<group>";
		};
		B55284252D9376D900F215D6 /* Models */ = {
			isa = PBXGroup;
			children = (
				B57BE6832D9397C300704AA4 /* HabitTrackerViewModel.swift */,
				B55284222D9376D900F215D6 /* Habit.swift */,
				B55284232D9376D900F215D6 /* HabitViewModel.swift */,
				B55284242D9376D900F215D6 /* Workout.swift */,
			);
			path = Models;
			sourceTree = "<group>";
		};
		B55284272D9376D900F215D6 /* Preview Content */ = {
			isa = PBXGroup;
			children = (
				B55284262D9376D900F215D6 /* Preview Assets.xcassets */,
			);
			path = "Preview Content";
			sourceTree = "<group>";
		};
		B55284282D9376D900F215D6 /* Services */ = {
			isa = PBXGroup;
			children = (
			);
			path = Services;
			sourceTree = "<group>";
		};
		B552842C2D9376D900F215D6 /* Utilities */ = {
			isa = PBXGroup;
			children = (
				B55284292D9376D900F215D6 /* BackgroundBlurView.swift */,
				B552842A2D9376D900F215D6 /* Color+Hex.swift */,
				B552842B2D9376D900F215D6 /* ReorderHelpers.swift */,
			);
			path = Utilities;
			sourceTree = "<group>";
		};
		B552842E2D9376D900F215D6 /* DailyCheckIn */ = {
			isa = PBXGroup;
			children = (
				B552842D2D9376D900F215D6 /* DailyCheckInView.swift */,
			);
			path = DailyCheckIn;
			sourceTree = "<group>";
		};
		B55284302D9376D900F215D6 /* Gamification */ = {
			isa = PBXGroup;
			children = (
				B552842F2D9376D900F215D6 /* GamificationView.swift */,
			);
			path = Gamification;
			sourceTree = "<group>";
		};
		B552843F2D9376D900F215D6 /* Habit */ = {
			isa = PBXGroup;
			children = (
				B57BE6812D9396D600704AA4 /* HabitMoodEntryView.swift */,
				B55284312D9376D900F215D6 /* AchievementsPopup.swift */,
				B55284322D9376D900F215D6 /* CreateHabitPopup.swift */,
				B55284332D9376D900F215D6 /* CustomDaysSelector.swift */,
				B55284342D9376D900F215D6 /* EditHabitPopup.swift */,
				B55284352D9376D900F215D6 /* HabitCalendarView.swift */,
				B55284362D9376D900F215D6 /* HabitCardView.swift */,
				B55284372D9376D900F215D6 /* HabitDashboardView.swift */,
				B55284382D9376D900F215D6 /* HabitGridView.swift */,
				B55284392D9376D900F215D6 /* HabitProgressCard.swift */,
				B552843A2D9376D900F215D6 /* HabitStatsView.swift */,
				B552843B2D9376D900F215D6 /* HabitTrackerView.swift */,
				B552843C2D9376D900F215D6 /* MonthSelector.swift */,
				B552843D2D9376D900F215D6 /* MoodTagPopup.swift */,
				B552843E2D9376D900F215D6 /* WeekdayProgressView.swift */,
			);
			path = Habit;
			sourceTree = "<group>";
		};
		B55284412D9376D900F215D6 /* Health */ = {
			isa = PBXGroup;
			children = (
				B55284402D9376D900F215D6 /* HealthInfoView.swift */,
			);
			path = Health;
			sourceTree = "<group>";
		};
		B55284432D9376D900F215D6 /* Nutrition */ = {
			isa = PBXGroup;
			children = (
				B55284422D9376D900F215D6 /* NutritionView.swift */,
			);
			path = Nutrition;
			sourceTree = "<group>";
		};
		B55284452D9376D900F215D6 /* Workouts */ = {
			isa = PBXGroup;
			children = (
				B55284442D9376D900F215D6 /* WorkoutsView.swift */,
			);
			path = Workouts;
			sourceTree = "<group>";
		};
		B55284492D9376D900F215D6 /* Views */ = {
			isa = PBXGroup;
			children = (
				B552842E2D9376D900F215D6 /* DailyCheckIn */,
				B55284302D9376D900F215D6 /* Gamification */,
				B552843F2D9376D900F215D6 /* Habit */,
				B55284412D9376D900F215D6 /* Health */,
				B55284432D9376D900F215D6 /* Nutrition */,
				B55284452D9376D900F215D6 /* Workouts */,
				B55284462D9376D900F215D6 /* MainTabView.swift */,
				B55284472D9376D900F215D6 /* ModularContentView.swift */,
				B55284482D9376D900F215D6 /* SplashScreen.swift */,
			);
			path = Views;
			sourceTree = "<group>";
		};
/* End PBXGroup section */

/* Begin PBXNativeTarget section */
		B52DF4C42D7D47C2002D19E4 /* Louie */ = {
			isa = PBXNativeTarget;
			buildConfigurationList = B52DF4D32D7D47C3002D19E4 /* Build configuration list for PBXNativeTarget "Louie" */;
			buildPhases = (
				B52DF4C12D7D47C2002D19E4 /* Sources */,
				B52DF4C22D7D47C2002D19E4 /* Frameworks */,
				B52DF4C32D7D47C2002D19E4 /* Resources */,
			);
			buildRules = (
			);
			dependencies = (
			);
			name = Louie;
			packageProductDependencies = (
			);
			productName = Louie;
			productReference = B52DF4C52D7D47C2002D19E4 /* Louie.app */;
			productType = "com.apple.product-type.application";
		};
/* End PBXNativeTarget section */

/* Begin PBXProject section */
		B52DF4BD2D7D47C2002D19E4 /* Project object */ = {
			isa = PBXProject;
			attributes = {
				BuildIndependentTargetsInParallel = 1;
				LastSwiftUpdateCheck = 1620;
				LastUpgradeCheck = 1620;
				TargetAttributes = {
					B52DF4C42D7D47C2002D19E4 = {
						CreatedOnToolsVersion = 16.2;
						LastSwiftMigration = 1620;
					};
				};
			};
			buildConfigurationList = B52DF4C02D7D47C2002D19E4 /* Build configuration list for PBXProject "Louie" */;
			developmentRegion = en;
			hasScannedForEncodings = 0;
			knownRegions = (
				en,
				Base,
			);
			mainGroup = B52DF4BC2D7D47C2002D19E4;
			minimizedProjectReferenceProxies = 1;
			preferredProjectObjectVersion = 77;
			productRefGroup = B52DF4C62D7D47C2002D19E4 /* Products */;
			projectDirPath = "";
			projectRoot = "";
			targets = (
				B52DF4C42D7D47C2002D19E4 /* Louie */,
			);
		};
/* End PBXProject section */

/* Begin PBXResourcesBuildPhase section */
		B52DF4C32D7D47C2002D19E4 /* Resources */ = {
			isa = PBXResourcesBuildPhase;
			buildActionMask = 2147483647;
			files = (
				B55244382D92747E003EEAC9 /* Assets.xcassets in Resources */,
				B55244392D92747E003EEAC9 /* CHANGELOG.md in Resources */,
				B552443A2D92747E003EEAC9 /* Context.md in Resources */,
				B552443B2D92747E003EEAC9 /* Preview Assets.xcassets in Resources */,
				B55284662D9376D900F215D6 /* Preview Assets.xcassets in Resources */,
				B552443C2D92747E003EEAC9 /* README.md in Resources */,
			);
			runOnlyForDeploymentPostprocessing = 0;
		};
/* End PBXResourcesBuildPhase section */

/* Begin PBXSourcesBuildPhase section */
		B52DF4C12D7D47C2002D19E4 /* Sources */ = {
			isa = PBXSourcesBuildPhase;
			buildActionMask = 2147483647;
			files = (
				B552443D2D92747E003EEAC9 /* LouieApp.swift in Sources */,
				B552443E2D92747E003EEAC9 /* AIService.swift in Sources */,
				B552443F2D92747E003EEAC9 /* ContentView.swift in Sources */,
				B552844A2D9376D900F215D6 /* GamificationView.swift in Sources */,
				B552844B2D9376D900F215D6 /* BackgroundBlurView.swift in Sources */,
				B552844C2D9376D900F215D6 /* HabitCalendarView.swift in Sources */,
				B552844D2D9376D900F215D6 /* HabitDashboardView.swift in Sources */,
				B552844E2D9376D900F215D6 /* WorkoutsView.swift in Sources */,
				B552844F2D9376D900F215D6 /* CustomDaysSelector.swift in Sources */,
				B55284502D9376D900F215D6 /* Color+Hex.swift in Sources */,
				B55284512D9376D900F215D6 /* HabitCardView.swift in Sources */,
				B57BE6822D9396D600704AA4 /* HabitMoodEntryView.swift in Sources */,
				B55284522D9376D900F215D6 /* MainTabView.swift in Sources */,
				B55284532D9376D900F215D6 /* SplashScreen.swift in Sources */,
				B55284542D9376D900F215D6 /* DailyCheckInView.swift in Sources */,
				B55284552D9376D900F215D6 /* AchievementsPopup.swift in Sources */,
				B55284562D9376D900F215D6 /* CreateHabitPopup.swift in Sources */,
				B55284572D9376D900F215D6 /* MonthSelector.swift in Sources */,
				B55284582D9376D900F215D6 /* HabitGridView.swift in Sources */,
				B55284592D9376D900F215D6 /* ModularContentView.swift in Sources */,
				B552845A2D9376D900F215D6 /* MoodTagPopup.swift in Sources */,
				B552845B2D9376D900F215D6 /* Habit.swift in Sources */,
				B552845C2D9376D900F215D6 /* HabitProgressCard.swift in Sources */,
				B57BE6842D9397C300704AA4 /* HabitTrackerViewModel.swift in Sources */,
				B552845D2D9376D900F215D6 /* NutritionView.swift in Sources */,
				B552845E2D9376D900F215D6 /* HabitStatsView.swift in Sources */,
				B552845F2D9376D900F215D6 /* HabitTrackerView.swift in Sources */,
				B55284602D9376D900F215D6 /* EditHabitPopup.swift in Sources */,
				B55284612D9376D900F215D6 /* ReorderHelpers.swift in Sources */,
				B55284622D9376D900F215D6 /* HabitViewModel.swift in Sources */,
				B55284632D9376D900F215D6 /* HealthInfoView.swift in Sources */,
				B55284642D9376D900F215D6 /* WeekdayProgressView.swift in Sources */,
				B55284652D9376D900F215D6 /* Workout.swift in Sources */,
			);
			runOnlyForDeploymentPostprocessing = 0;
		};
/* End PBXSourcesBuildPhase section */

/* Begin XCBuildConfiguration section */
		B52DF4D12D7D47C3002D19E4 /* Debug */ = {
			isa = XCBuildConfiguration;
			buildSettings = {
				ALWAYS_SEARCH_USER_PATHS = NO;
				ASSETCATALOG_COMPILER_GENERATE_SWIFT_ASSET_SYMBOL_EXTENSIONS = YES;
				CLANG_ANALYZER_NONNULL = YES;
				CLANG_ANALYZER_NUMBER_OBJECT_CONVERSION = YES_AGGRESSIVE;
				CLANG_CXX_LANGUAGE_STANDARD = "gnu++20";
				CLANG_ENABLE_MODULES = YES;
				CLANG_ENABLE_OBJC_ARC = YES;
				CLANG_ENABLE_OBJC_WEAK = YES;
				CLANG_WARN_BLOCK_CAPTURE_AUTORELEASING = YES;
				CLANG_WARN_BOOL_CONVERSION = YES;
				CLANG_WARN_COMMA = YES;
				CLANG_WARN_CONSTANT_CONVERSION = YES;
				CLANG_WARN_DEPRECATED_OBJC_IMPLEMENTATIONS = YES;
				CLANG_WARN_DIRECT_OBJC_ISA_USAGE = YES_ERROR;
				CLANG_WARN_DOCUMENTATION_COMMENTS = YES;
				CLANG_WARN_EMPTY_BODY = YES;
				CLANG_WARN_ENUM_CONVERSION = YES;
				CLANG_WARN_INFINITE_RECURSION = YES;
				CLANG_WARN_INT_CONVERSION = YES;
				CLANG_WARN_NON_LITERAL_NULL_CONVERSION = YES;
				CLANG_WARN_OBJC_IMPLICIT_RETAIN_SELF = YES;
				CLANG_WARN_OBJC_LITERAL_CONVERSION = YES;
				CLANG_WARN_OBJC_ROOT_CLASS = YES_ERROR;
				CLANG_WARN_QUOTED_INCLUDE_IN_FRAMEWORK_HEADER = YES;
				CLANG_WARN_RANGE_LOOP_ANALYSIS = YES;
				CLANG_WARN_STRICT_PROTOTYPES = YES;
				CLANG_WARN_SUSPICIOUS_MOVE = YES;
				CLANG_WARN_UNGUARDED_AVAILABILITY = YES_AGGRESSIVE;
				CLANG_WARN_UNREACHABLE_CODE = YES;
				CLANG_WARN__DUPLICATE_METHOD_MATCH = YES;
				COPY_PHASE_STRIP = NO;
				DEBUG_INFORMATION_FORMAT = dwarf;
				ENABLE_STRICT_OBJC_MSGSEND = YES;
				ENABLE_TESTABILITY = YES;
				ENABLE_USER_SCRIPT_SANDBOXING = YES;
				GCC_C_LANGUAGE_STANDARD = gnu17;
				GCC_DYNAMIC_NO_PIC = NO;
				GCC_NO_COMMON_BLOCKS = YES;
				GCC_OPTIMIZATION_LEVEL = 0;
				GCC_PREPROCESSOR_DEFINITIONS = (
					"DEBUG=1",
					"$(inherited)",
				);
				GCC_WARN_64_TO_32_BIT_CONVERSION = YES;
				GCC_WARN_ABOUT_RETURN_TYPE = YES_ERROR;
				GCC_WARN_UNDECLARED_SELECTOR = YES;
				GCC_WARN_UNINITIALIZED_AUTOS = YES_AGGRESSIVE;
				GCC_WARN_UNUSED_FUNCTION = YES;
				GCC_WARN_UNUSED_VARIABLE = YES;
				IPHONEOS_DEPLOYMENT_TARGET = 18.2;
				LOCALIZATION_PREFERS_STRING_CATALOGS = YES;
				MTL_ENABLE_DEBUG_INFO = INCLUDE_SOURCE;
				MTL_FAST_MATH = YES;
				ONLY_ACTIVE_ARCH = YES;
				SDKROOT = iphoneos;
				SWIFT_ACTIVE_COMPILATION_CONDITIONS = "DEBUG $(inherited)";
				SWIFT_OPTIMIZATION_LEVEL = "-Onone";
			};
			name = Debug;
		};
		B52DF4D22D7D47C3002D19E4 /* Release */ = {
			isa = XCBuildConfiguration;
			buildSettings = {
				ALWAYS_SEARCH_USER_PATHS = NO;
				ASSETCATALOG_COMPILER_GENERATE_SWIFT_ASSET_SYMBOL_EXTENSIONS = YES;
				CLANG_ANALYZER_NONNULL = YES;
				CLANG_ANALYZER_NUMBER_OBJECT_CONVERSION = YES_AGGRESSIVE;
				CLANG_CXX_LANGUAGE_STANDARD = "gnu++20";
				CLANG_ENABLE_MODULES = YES;
				CLANG_ENABLE_OBJC_ARC = YES;
				CLANG_ENABLE_OBJC_WEAK = YES;
				CLANG_WARN_BLOCK_CAPTURE_AUTORELEASING = YES;
				CLANG_WARN_BOOL_CONVERSION = YES;
				CLANG_WARN_COMMA = YES;
				CLANG_WARN_CONSTANT_CONVERSION = YES;
				CLANG_WARN_DEPRECATED_OBJC_IMPLEMENTATIONS = YES;
				CLANG_WARN_DIRECT_OBJC_ISA_USAGE = YES_ERROR;
				CLANG_WARN_DOCUMENTATION_COMMENTS = YES;
				CLANG_WARN_EMPTY_BODY = YES;
				CLANG_WARN_ENUM_CONVERSION = YES;
				CLANG_WARN_INFINITE_RECURSION = YES;
				CLANG_WARN_INT_CONVERSION = YES;
				CLANG_WARN_NON_LITERAL_NULL_CONVERSION = YES;
				CLANG_WARN_OBJC_IMPLICIT_RETAIN_SELF = YES;
				CLANG_WARN_OBJC_LITERAL_CONVERSION = YES;
				CLANG_WARN_OBJC_ROOT_CLASS = YES_ERROR;
				CLANG_WARN_QUOTED_INCLUDE_IN_FRAMEWORK_HEADER = YES;
				CLANG_WARN_RANGE_LOOP_ANALYSIS = YES;
				CLANG_WARN_STRICT_PROTOTYPES = YES;
				CLANG_WARN_SUSPICIOUS_MOVE = YES;
				CLANG_WARN_UNGUARDED_AVAILABILITY = YES_AGGRESSIVE;
				CLANG_WARN_UNREACHABLE_CODE = YES;
				CLANG_WARN__DUPLICATE_METHOD_MATCH = YES;
				COPY_PHASE_STRIP = NO;
				DEBUG_INFORMATION_FORMAT = "dwarf-with-dsym";
				ENABLE_NS_ASSERTIONS = NO;
				ENABLE_STRICT_OBJC_MSGSEND = YES;
				ENABLE_USER_SCRIPT_SANDBOXING = YES;
				GCC_C_LANGUAGE_STANDARD = gnu17;
				GCC_NO_COMMON_BLOCKS = YES;
				GCC_WARN_64_TO_32_BIT_CONVERSION = YES;
				GCC_WARN_ABOUT_RETURN_TYPE = YES_ERROR;
				GCC_WARN_UNDECLARED_SELECTOR = YES;
				GCC_WARN_UNINITIALIZED_AUTOS = YES_AGGRESSIVE;
				GCC_WARN_UNUSED_FUNCTION = YES;
				GCC_WARN_UNUSED_VARIABLE = YES;
				IPHONEOS_DEPLOYMENT_TARGET = 18.2;
				LOCALIZATION_PREFERS_STRING_CATALOGS = YES;
				MTL_ENABLE_DEBUG_INFO = NO;
				MTL_FAST_MATH = YES;
				SDKROOT = iphoneos;
				SWIFT_COMPILATION_MODE = wholemodule;
				VALIDATE_PRODUCT = YES;
			};
			name = Release;
		};
		B52DF4D42D7D47C3002D19E4 /* Debug */ = {
			isa = XCBuildConfiguration;
			buildSettings = {
				ASSETCATALOG_COMPILER_APPICON_NAME = AppIcon;
				ASSETCATALOG_COMPILER_GLOBAL_ACCENT_COLOR_NAME = AccentColor;
				CLANG_ENABLE_MODULES = YES;
				CODE_SIGN_STYLE = Automatic;
				CURRENT_PROJECT_VERSION = 1;
				DEVELOPMENT_ASSET_PATHS = "\"Preview Content\"";
				DEVELOPMENT_TEAM = Z997G6AJWM;
				ENABLE_PREVIEWS = YES;
				GENERATE_INFOPLIST_FILE = YES;
				INFOPLIST_KEY_LSApplicationCategoryType = "public.app-category.healthcare-fitness";
				INFOPLIST_KEY_UIApplicationSceneManifest_Generation = YES;
				INFOPLIST_KEY_UIApplicationSupportsIndirectInputEvents = YES;
				INFOPLIST_KEY_UILaunchScreen_Generation = YES;
				INFOPLIST_KEY_UISupportedInterfaceOrientations_iPad = "UIInterfaceOrientationPortrait UIInterfaceOrientationPortraitUpsideDown UIInterfaceOrientationLandscapeLeft UIInterfaceOrientationLandscapeRight";
				INFOPLIST_KEY_UISupportedInterfaceOrientations_iPhone = "UIInterfaceOrientationPortrait UIInterfaceOrientationLandscapeLeft UIInterfaceOrientationLandscapeRight";
				LD_RUNPATH_SEARCH_PATHS = (
					"$(inherited)",
					"@executable_path/Frameworks",
				);
				MARKETING_VERSION = 1.0;
				PRODUCT_BUNDLE_IDENTIFIER = com.fox.Louie;
				PRODUCT_NAME = "$(TARGET_NAME)";
				SWIFT_EMIT_LOC_STRINGS = YES;
				SWIFT_OPTIMIZATION_LEVEL = "-Onone";
				SWIFT_VERSION = 5.0;
				TARGETED_DEVICE_FAMILY = "1,2";
			};
			name = Debug;
		};
		B52DF4D52D7D47C3002D19E4 /* Release */ = {
			isa = XCBuildConfiguration;
			buildSettings = {
				ASSETCATALOG_COMPILER_APPICON_NAME = AppIcon;
				ASSETCATALOG_COMPILER_GLOBAL_ACCENT_COLOR_NAME = AccentColor;
				CLANG_ENABLE_MODULES = YES;
				CODE_SIGN_STYLE = Automatic;
				CURRENT_PROJECT_VERSION = 1;
				DEVELOPMENT_ASSET_PATHS = "\"Preview Content\"";
				DEVELOPMENT_TEAM = Z997G6AJWM;
				ENABLE_PREVIEWS = YES;
				GENERATE_INFOPLIST_FILE = YES;
				INFOPLIST_KEY_LSApplicationCategoryType = "public.app-category.healthcare-fitness";
				INFOPLIST_KEY_UIApplicationSceneManifest_Generation = YES;
				INFOPLIST_KEY_UIApplicationSupportsIndirectInputEvents = YES;
				INFOPLIST_KEY_UILaunchScreen_Generation = YES;
				INFOPLIST_KEY_UISupportedInterfaceOrientations_iPad = "UIInterfaceOrientationPortrait UIInterfaceOrientationPortraitUpsideDown UIInterfaceOrientationLandscapeLeft UIInterfaceOrientationLandscapeRight";
				INFOPLIST_KEY_UISupportedInterfaceOrientations_iPhone = "UIInterfaceOrientationPortrait UIInterfaceOrientationLandscapeLeft UIInterfaceOrientationLandscapeRight";
				LD_RUNPATH_SEARCH_PATHS = (
					"$(inherited)",
					"@executable_path/Frameworks",
				);
				MARKETING_VERSION = 1.0;
				PRODUCT_BUNDLE_IDENTIFIER = com.fox.Louie;
				PRODUCT_NAME = "$(TARGET_NAME)";
				SWIFT_EMIT_LOC_STRINGS = YES;
				SWIFT_VERSION = 5.0;
				TARGETED_DEVICE_FAMILY = "1,2";
			};
			name = Release;
		};
/* End XCBuildConfiguration section */

/* Begin XCConfigurationList section */
		B52DF4C02D7D47C2002D19E4 /* Build configuration list for PBXProject "Louie" */ = {
			isa = XCConfigurationList;
			buildConfigurations = (
				B52DF4D12D7D47C3002D19E4 /* Debug */,
				B52DF4D22D7D47C3002D19E4 /* Release */,
			);
			defaultConfigurationIsVisible = 0;
			defaultConfigurationName = Release;
		};
		B52DF4D32D7D47C3002D19E4 /* Build configuration list for PBXNativeTarget "Louie" */ = {
			isa = XCConfigurationList;
			buildConfigurations = (
				B52DF4D42D7D47C3002D19E4 /* Debug */,
				B52DF4D52D7D47C3002D19E4 /* Release */,
			);
			defaultConfigurationIsVisible = 0;
			defaultConfigurationName = Release;
		};
/* End XCConfigurationList section */
	};
	rootObject = B52DF4BD2D7D47C2002D19E4 /* Project object */;
}
